id: ntsc_trx_decoder_c
label: decoder c
category: '[Ntsc_trx]'
templates:
  imports: from gnuradio import ntsc_trx
  make: ntsc_trx.decoder_c(${samp_rate})
parameters:
- id: samp_rate
  label: Samp_rate
  dtype: float
inputs:
- label: in
  domain: stream
  dtype: float
outputs:
- label: out
  domain: stream
  dtype: float
  multiplicity: '4'
file_format: 1
